
Microsoft Visual Studio Solution File, Format Version 12.00
# Visual Studio Version 17
VisualStudioVersion = 17.14.36127.28 d17.14
MinimumVisualStudioVersion = 10.0.40219.1
Project("{8BC9CEB8-8B4A-11D0-8D11-00A0C91BC942}") = "RemoteControl", "RemoteControl\RemoteControl.vcxproj", "{574DA05C-D87A-485A-9F07-025AE51D5E44}"
EndProject
Global
	GlobalSection(SolutionConfigurationPlatforms) = preSolution
		Debug|x64 = Debug|x64
		Release|x64 = Release|x64
	EndGlobalSection
	GlobalSection(ProjectConfigurationPlatforms) = postSolution
		{574DA05C-D87A-485A-9F07-025AE51D5E44}.Debug|x64.ActiveCfg = Debug|x64
		{574DA05C-D87A-485A-9F07-025AE51D5E44}.Debug|x64.Build.0 = Debug|x64
		{574DA05C-D87A-485A-9F07-025AE51D5E44}.Release|x64.ActiveCfg = Release|x64
		{574DA05C-D87A-485A-9F07-025AE51D5E44}.Release|x64.Build.0 = Release|x64
	EndGlobalSection
	GlobalSection(SolutionProperties) = preSolution
		HideSolutionNode = FALSE
	EndGlobalSection
	GlobalSection(ExtensibilityGlobals) = postSolution
		SolutionGuid = {9685CF28-58B9-475A-9CC4-2F5AB1123AF3}
	EndGlobalSection
EndGlobal
